
Microsoft Visual Studio Solution File, Format Version 12.00
# Visual Studio Version 17
VisualStudioVersion = 17.10.35027.167
MinimumVisualStudioVersion = 10.0.40219.1
Project("{FAE04EC0-301F-11D3-BF4B-00C04F79EFBC}") = "CSC205HW2_Part5", "CSC205HW2_Part5.csproj", "{68694093-D67C-4B36-BFE4-BE9689F20E8D}"
EndProject
Global
	GlobalSection(SolutionConfigurationPlatforms) = preSolution
		Debug|Any CPU = Debug|Any CPU
		Release|Any CPU = Release|Any CPU
	EndGlobalSection
	GlobalSection(ProjectConfigurationPlatforms) = postSolution
		{68694093-D67C-4B36-BFE4-BE9689F20E8D}.Debug|Any CPU.ActiveCfg = Debug|Any CPU
		{68694093-D67C-4B36-BFE4-BE9689F20E8D}.Debug|Any CPU.Build.0 = Debug|Any CPU
		{68694093-D67C-4B36-BFE4-BE9689F20E8D}.Release|Any CPU.ActiveCfg = Release|Any CPU
		{68694093-D67C-4B36-BFE4-BE9689F20E8D}.Release|Any CPU.Build.0 = Release|Any CPU
	EndGlobalSection
	GlobalSection(SolutionProperties) = preSolution
		HideSolutionNode = FALSE
	EndGlobalSection
	GlobalSection(ExtensibilityGlobals) = postSolution
		SolutionGuid = {1007DD8E-6D73-4C53-9C10-398B19C1D652}
	EndGlobalSection
EndGlobal
